
Microsoft Visual Studio Solution File, Format Version 12.00
# Visual Studio Version 18
VisualStudioVersion = 18.2.11415.280
MinimumVisualStudioVersion = 10.0.40219.1
Project("{FAE04EC0-301F-11D3-BF4B-00C04F79EFBC}") = "Venture.Tool.Framework", "Venture.Tool.Framework.csproj", "{9F38E8DF-A2C0-7AA3-5E3B-3567DFDC43A3}"
EndProject
Global
	GlobalSection(SolutionConfigurationPlatforms) = preSolution
		Debug|Any CPU = Debug|Any CPU
		Release|Any CPU = Release|Any CPU
	EndGlobalSection
	GlobalSection(ProjectConfigurationPlatforms) = postSolution
		{9F38E8DF-A2C0-7AA3-5E3B-3567DFDC43A3}.Debug|Any CPU.ActiveCfg = Debug|Any CPU
		{9F38E8DF-A2C0-7AA3-5E3B-3567DFDC43A3}.Debug|Any CPU.Build.0 = Debug|Any CPU
		{9F38E8DF-A2C0-7AA3-5E3B-3567DFDC43A3}.Release|Any CPU.ActiveCfg = Release|Any CPU
		{9F38E8DF-A2C0-7AA3-5E3B-3567DFDC43A3}.Release|Any CPU.Build.0 = Release|Any CPU
	EndGlobalSection
	GlobalSection(SolutionProperties) = preSolution
		HideSolutionNode = FALSE
	EndGlobalSection
	GlobalSection(ExtensibilityGlobals) = postSolution
		SolutionGuid = {8C05360C-81D6-4DC5-961A-CACA68A87173}
	EndGlobalSection
EndGlobal
